
Microsoft Visual Studio Solution File, Format Version 12.00
# Visual Studio 15
VisualStudioVersion = 15.0.27703.2042
MinimumVisualStudioVersion = 10.0.40219.1
Project("{FAE04EC0-301F-11D3-BF4B-00C04F79EFBC}") = "WpfApp", "WpfApp\WpfApp.csproj", "{1F35950D-4B6D-4EDB-B87E-2A3D347D553F}"
EndProject
Global
	GlobalSection(SolutionConfigurationPlatforms) = preSolution
		Debug|Any CPU = Debug|Any CPU
		Release|Any CPU = Release|Any CPU
	EndGlobalSection
	GlobalSection(ProjectConfigurationPlatforms) = postSolution
		{1F35950D-4B6D-4EDB-B87E-2A3D347D553F}.Debug|Any CPU.ActiveCfg = Debug|Any CPU
		{1F35950D-4B6D-4EDB-B87E-2A3D347D553F}.Debug|Any CPU.Build.0 = Debug|Any CPU
		{1F35950D-4B6D-4EDB-B87E-2A3D347D553F}.Release|Any CPU.ActiveCfg = Release|Any CPU
		{1F35950D-4B6D-4EDB-B87E-2A3D347D553F}.Release|Any CPU.Build.0 = Release|Any CPU
	EndGlobalSection
	GlobalSection(SolutionProperties) = preSolution
		HideSolutionNode = FALSE
	EndGlobalSection
	GlobalSection(ExtensibilityGlobals) = postSolution
		SolutionGuid = {9BC29946-3D12-454A-988D-560CA4C798D8}
	EndGlobalSection
EndGlobal
